
Microsoft Visual Studio Solution File, Format Version 12.00
# Visual Studio Version 17
VisualStudioVersion = 17.0.31808.319
MinimumVisualStudioVersion = 10.0.40219.1
Project("{FAE04EC0-301F-11D3-BF4B-00C04F79EFBC}") = "domaci_p3_z1", "domaci_p3_z1\domaci_p3_z1.csproj", "{3616E3F3-330E-4B01-BF92-C683977112BE}"
EndProject
Global
	GlobalSection(SolutionConfigurationPlatforms) = preSolution
		Debug|Any CPU = Debug|Any CPU
		Release|Any CPU = Release|Any CPU
	EndGlobalSection
	GlobalSection(ProjectConfigurationPlatforms) = postSolution
		{3616E3F3-330E-4B01-BF92-C683977112BE}.Debug|Any CPU.ActiveCfg = Debug|Any CPU
		{3616E3F3-330E-4B01-BF92-C683977112BE}.Debug|Any CPU.Build.0 = Debug|Any CPU
		{3616E3F3-330E-4B01-BF92-C683977112BE}.Release|Any CPU.ActiveCfg = Release|Any CPU
		{3616E3F3-330E-4B01-BF92-C683977112BE}.Release|Any CPU.Build.0 = Release|Any CPU
	EndGlobalSection
	GlobalSection(SolutionProperties) = preSolution
		HideSolutionNode = FALSE
	EndGlobalSection
	GlobalSection(ExtensibilityGlobals) = postSolution
		SolutionGuid = {5CDEBE27-E44F-44CA-9212-4459F1751881}
	EndGlobalSection
EndGlobal
